
Microsoft Visual Studio Solution File, Format Version 11.00
# Visual Studio 2010
Project("{FAE04EC0-301F-11D3-BF4B-00C04F79EFBC}") = "ImportExportDataPlugin", "ImportExportDataPlugin.csproj", "{A15D0CF4-9072-4958-A078-3C8F5958AB1E}"
EndProject
Global
	GlobalSection(SolutionConfigurationPlatforms) = preSolution
		Debug|Any CPU = Debug|Any CPU
		Release|Any CPU = Release|Any CPU
	EndGlobalSection
	GlobalSection(ProjectConfigurationPlatforms) = postSolution
		{A15D0CF4-9072-4958-A078-3C8F5958AB1E}.Debug|Any CPU.ActiveCfg = Debug|Any CPU
		{A15D0CF4-9072-4958-A078-3C8F5958AB1E}.Debug|Any CPU.Build.0 = Debug|Any CPU
		{A15D0CF4-9072-4958-A078-3C8F5958AB1E}.Release|Any CPU.ActiveCfg = Release|Any CPU
		{A15D0CF4-9072-4958-A078-3C8F5958AB1E}.Release|Any CPU.Build.0 = Release|Any CPU
	EndGlobalSection
	GlobalSection(SolutionProperties) = preSolution
		HideSolutionNode = FALSE
	EndGlobalSection
EndGlobal
