
Microsoft Visual Studio Solution File, Format Version 11.00
# Visual Studio 2010
Project("{FAE04EC0-301F-11D3-BF4B-00C04F79EFBC}") = "EditCommonPropertiesPlugin", "EditCommonPropertiesPlugin.csproj", "{604D7F94-F429-479C-8346-08100CFE0E66}"
EndProject
Global
	GlobalSection(SolutionConfigurationPlatforms) = preSolution
		Debug|Any CPU = Debug|Any CPU
		Release|Any CPU = Release|Any CPU
	EndGlobalSection
	GlobalSection(ProjectConfigurationPlatforms) = postSolution
		{604D7F94-F429-479C-8346-08100CFE0E66}.Debug|Any CPU.ActiveCfg = Debug|Any CPU
		{604D7F94-F429-479C-8346-08100CFE0E66}.Debug|Any CPU.Build.0 = Debug|Any CPU
		{604D7F94-F429-479C-8346-08100CFE0E66}.Release|Any CPU.ActiveCfg = Release|Any CPU
		{604D7F94-F429-479C-8346-08100CFE0E66}.Release|Any CPU.Build.0 = Release|Any CPU
	EndGlobalSection
	GlobalSection(SolutionProperties) = preSolution
		HideSolutionNode = FALSE
	EndGlobalSection
EndGlobal
